
Microsoft Visual Studio Solution File, Format Version 12.00
# Visual Studio Version 17
VisualStudioVersion = 17.8.34330.188
MinimumVisualStudioVersion = 10.0.40219.1
Project("{FAE04EC0-301F-11D3-BF4B-00C04F79EFBC}") = "Schedule Bot", "Schedule Bot\Schedule Bot.csproj", "{B4DB31AC-8E15-48AF-BA0D-E4DB36F0928D}"
EndProject
Global
	GlobalSection(SolutionConfigurationPlatforms) = preSolution
		Debug|Any CPU = Debug|Any CPU
		Release|Any CPU = Release|Any CPU
	EndGlobalSection
	GlobalSection(ProjectConfigurationPlatforms) = postSolution
		{B4DB31AC-8E15-48AF-BA0D-E4DB36F0928D}.Debug|Any CPU.ActiveCfg = Debug|Any CPU
		{B4DB31AC-8E15-48AF-BA0D-E4DB36F0928D}.Debug|Any CPU.Build.0 = Debug|Any CPU
		{B4DB31AC-8E15-48AF-BA0D-E4DB36F0928D}.Release|Any CPU.ActiveCfg = Release|Any CPU
		{B4DB31AC-8E15-48AF-BA0D-E4DB36F0928D}.Release|Any CPU.Build.0 = Release|Any CPU
	EndGlobalSection
	GlobalSection(SolutionProperties) = preSolution
		HideSolutionNode = FALSE
	EndGlobalSection
	GlobalSection(ExtensibilityGlobals) = postSolution
		SolutionGuid = {F9F61C1C-5E1A-4C3D-8D9B-6E870654C69B}
	EndGlobalSection
EndGlobal
